
Microsoft Visual Studio Solution File, Format Version 12.00
# Visual Studio Version 17
VisualStudioVersion = 17.14.36401.2
MinimumVisualStudioVersion = 10.0.40219.1
Project("{2150E333-8FDC-42A3-9474-1A3956D46DE8}") = "000_BuildingBlocks", "000_BuildingBlocks", "{02EA681E-C7D8-13C7-8484-4AC65E1B71E8}"
EndProject
Project("{2150E333-8FDC-42A3-9474-1A3956D46DE8}") = "001_MicroServices", "001_MicroServices", "{C06F5D8A-09D4-4BC8-923A-9F1EFAF2C8A9}"
EndProject
Project("{2150E333-8FDC-42A3-9474-1A3956D46DE8}") = "Shared.Domain", "Shared.Domain", "{C44F760A-9E40-4844-91AF-B23EE91A56D0}"
EndProject
Project("{2150E333-8FDC-42A3-9474-1A3956D46DE8}") = "Shared.Infrastructure", "Shared.Infrastructure", "{6A1C0084-007E-4AAF-928E-CADFCEADB391}"
EndProject
Project("{FAE04EC0-301F-11D3-BF4B-00C04F79EFBC}") = "Shared.Domain", "000_BuildingBlocks\Shared.Domain\Shared.Domain\Shared.Domain.csproj", "{C357D893-7911-4DD3-849B-2152038FC6A1}"
EndProject
Project("{FAE04EC0-301F-11D3-BF4B-00C04F79EFBC}") = "Shared.Infrastructure", "000_BuildingBlocks\Shared.Infrastructure\Shared.Infrastructure\Shared.Infrastructure.csproj", "{4F9395E8-EDD0-4DCB-8C9D-FEF97E2A6FA5}"
EndProject
Project("{2150E333-8FDC-42A3-9474-1A3956D46DE8}") = "1_CrimeAndWin.Identity", "1_CrimeAndWin.Identity", "{1F4C456F-6AF5-48ED-A15A-2F49FE04FB1C}"
EndProject
Project("{FAE04EC0-301F-11D3-BF4B-00C04F79EFBC}") = "Identity.API", "001_MicroServices\1_CrimeAndWin.Identity\Identity.API\Identity.API.csproj", "{9A11EDAF-5C7F-452C-BD26-481633F7E2CD}"
EndProject
Project("{FAE04EC0-301F-11D3-BF4B-00C04F79EFBC}") = "Identity.Application", "001_MicroServices\1_CrimeAndWin.Identity\Identity.Application\Identity.Application.csproj", "{36D7D81E-48AA-4C3F-9E61-8C0D2861E396}"
EndProject
Project("{FAE04EC0-301F-11D3-BF4B-00C04F79EFBC}") = "Identity.Domain", "001_MicroServices\1_CrimeAndWin.Identity\Identity.Domain\Identity.Domain.csproj", "{22B862B3-CF54-4D73-88FC-3353C7FF421A}"
EndProject
Project("{FAE04EC0-301F-11D3-BF4B-00C04F79EFBC}") = "Identity.Infrastructure", "001_MicroServices\1_CrimeAndWin.Identity\Identity.Infrastructure\Identity.Infrastructure.csproj", "{59F3F8E7-3FE4-42B4-AE10-D832D3DC17D9}"
EndProject
Project("{FAE04EC0-301F-11D3-BF4B-00C04F79EFBC}") = "Identity.Test", "001_MicroServices\1_CrimeAndWin.Identity\Identity.Test\Identity.Test.csproj", "{573A72F3-C6B1-4411-823E-08EDC1F61CBD}"
EndProject
Project("{2150E333-8FDC-42A3-9474-1A3956D46DE8}") = "2_CrimeAndWin.PlayerProfile", "2_CrimeAndWin.PlayerProfile", "{066D7279-963D-48C0-9ADB-394CC3DCDA67}"
EndProject
Project("{FAE04EC0-301F-11D3-BF4B-00C04F79EFBC}") = "Identity.Application.Test", "001_MicroServices\1_CrimeAndWin.Identity\Identity.Application.Test\Identity.Application.Test.csproj", "{D0C38E46-75E5-457F-A31C-0DBBF179A554}"
EndProject
Project("{FAE04EC0-301F-11D3-BF4B-00C04F79EFBC}") = "Identity.Infrastructure.Test", "001_MicroServices\1_CrimeAndWin.Identity\Identity.Infrastructure.Test\Identity.Infrastructure.Test.csproj", "{D22191E0-6FAD-4CCF-997A-5F2D65C4B509}"
EndProject
Project("{FAE04EC0-301F-11D3-BF4B-00C04F79EFBC}") = "PlayerProfile.API", "001_MicroServices\2_CrimeAndWin.PlayerProfile\PlayerProfile.API\PlayerProfile.API.csproj", "{FE08DDAA-7F81-434E-8BB9-CD1A7B3C417A}"
EndProject
Project("{FAE04EC0-301F-11D3-BF4B-00C04F79EFBC}") = "PlayerProfile.Application", "001_MicroServices\2_CrimeAndWin.PlayerProfile\PlayerProfile.Application\PlayerProfile.Application.csproj", "{0F042D45-72FE-4309-B65A-16CA82C44189}"
EndProject
Project("{FAE04EC0-301F-11D3-BF4B-00C04F79EFBC}") = "PlayerProfile.Domain", "001_MicroServices\2_CrimeAndWin.PlayerProfile\PlayerProfile.Domain\PlayerProfile.Domain.csproj", "{9490FDD6-44AA-4E70-9C26-240A90BD8C1E}"
EndProject
Project("{FAE04EC0-301F-11D3-BF4B-00C04F79EFBC}") = "PlayerProfile.Infrastructure", "001_MicroServices\2_CrimeAndWin.PlayerProfile\PlayerProfile.Infrastructure\PlayerProfile.Infrastructure.csproj", "{50412D2B-6B48-4561-ACC7-819937590A34}"
EndProject
Project("{FAE04EC0-301F-11D3-BF4B-00C04F79EFBC}") = "PlayerProfile.Test", "001_MicroServices\2_CrimeAndWin.PlayerProfile\PlayerProfile.Test\PlayerProfile.Test.csproj", "{E4EE273D-B7B2-4D8A-9A7E-02870126B217}"
EndProject
Project("{FAE04EC0-301F-11D3-BF4B-00C04F79EFBC}") = "PlayerProfile.Application.Test", "001_MicroServices\2_CrimeAndWin.PlayerProfile\PlayerProfile.Application.Test\PlayerProfile.Application.Test.csproj", "{F51219A5-1F25-462D-A76E-B650DC2FDAAD}"
EndProject
Project("{FAE04EC0-301F-11D3-BF4B-00C04F79EFBC}") = "PlayerProfile.Infrastructure.Test", "001_MicroServices\2_CrimeAndWin.PlayerProfile\PlayerProfile.Infrastructure.Test\PlayerProfile.Infrastructure.Test.csproj", "{4C8E6D7B-AEF0-4C54-9CBE-1CBBA7963BDC}"
EndProject
Project("{2150E333-8FDC-42A3-9474-1A3956D46DE8}") = "3_CrimeAndWin.GameWorld", "3_CrimeAndWin.GameWorld", "{A277204E-3347-469A-B1A8-8D9B7375A054}"
EndProject
Project("{FAE04EC0-301F-11D3-BF4B-00C04F79EFBC}") = "GameWorld.API", "001_MicroServices\3_CrimeAndWin.GameWorld\GameWorld.API\GameWorld.API.csproj", "{56813776-E3E1-4F34-B88F-52B9DD872580}"
EndProject
Project("{FAE04EC0-301F-11D3-BF4B-00C04F79EFBC}") = "GameWorld.Application", "001_MicroServices\3_CrimeAndWin.GameWorld\GameWorld.Application\GameWorld.Application.csproj", "{305058E2-3F30-4B47-ACC9-0065E19672FB}"
EndProject
Project("{FAE04EC0-301F-11D3-BF4B-00C04F79EFBC}") = "GameWorld.Application.Test", "001_MicroServices\3_CrimeAndWin.GameWorld\GameWorld.Application.Test\GameWorld.Application.Test.csproj", "{70157492-01A6-4539-9347-B9670D6DD965}"
EndProject
Project("{FAE04EC0-301F-11D3-BF4B-00C04F79EFBC}") = "GameWorld.Domain", "001_MicroServices\3_CrimeAndWin.GameWorld\GameWorld.Domain\GameWorld.Domain.csproj", "{0C3695A5-065C-4D69-BB31-762B1487526C}"
EndProject
Project("{FAE04EC0-301F-11D3-BF4B-00C04F79EFBC}") = "GameWorld.Infrastructure", "001_MicroServices\3_CrimeAndWin.GameWorld\GameWorld.Infrastructure\GameWorld.Infrastructure.csproj", "{88B4C618-A004-4228-926E-0E323FB274C2}"
EndProject
Project("{FAE04EC0-301F-11D3-BF4B-00C04F79EFBC}") = "GameWorld.Infrastructure.Test", "001_MicroServices\3_CrimeAndWin.GameWorld\GameWorld.Infrastructure.Test\GameWorld.Infrastructure.Test.csproj", "{D23F6743-1EE8-4035-B16B-82081F4A051C}"
EndProject
Project("{FAE04EC0-301F-11D3-BF4B-00C04F79EFBC}") = "GameWorld.Test", "001_MicroServices\3_CrimeAndWin.GameWorld\GameWorld.Test\GameWorld.Test.csproj", "{9E951007-805F-4576-AB7B-977047BD162B}"
EndProject
Project("{2150E333-8FDC-42A3-9474-1A3956D46DE8}") = "4_CrimeAndWin.Action", "4_CrimeAndWin.Action", "{F2A8E854-6EDC-4314-A72E-072B92CA7A36}"
EndProject
Project("{FAE04EC0-301F-11D3-BF4B-00C04F79EFBC}") = "Action.API", "001_MicroServices\4_CrimeAndWin.Action\Action.API\Action.API.csproj", "{98160F75-5C23-4569-A5CF-129DCF73D9CB}"
EndProject
Project("{FAE04EC0-301F-11D3-BF4B-00C04F79EFBC}") = "Action.Application", "001_MicroServices\4_CrimeAndWin.Action\Action.Application\Action.Application.csproj", "{DF4ACE57-8144-4519-B421-5BC268890229}"
EndProject
Project("{FAE04EC0-301F-11D3-BF4B-00C04F79EFBC}") = "Action.Application.Test", "001_MicroServices\4_CrimeAndWin.Action\Action.Application.Test\Action.Application.Test.csproj", "{6CA0344D-D2CD-410C-AAC7-336E27DD9457}"
EndProject
Project("{FAE04EC0-301F-11D3-BF4B-00C04F79EFBC}") = "Action.Domain", "001_MicroServices\4_CrimeAndWin.Action\Action.Domain\Action.Domain.csproj", "{7933C94B-DEDC-4943-A5A4-1FB8BBF0D71F}"
EndProject
Project("{FAE04EC0-301F-11D3-BF4B-00C04F79EFBC}") = "Action.Infrastructure", "001_MicroServices\4_CrimeAndWin.Action\Action.Infrastructure\Action.Infrastructure.csproj", "{1DC3934C-1226-46E2-B43A-89A57C33EC6B}"
EndProject
Project("{FAE04EC0-301F-11D3-BF4B-00C04F79EFBC}") = "Action.Infrastructure.Test", "001_MicroServices\4_CrimeAndWin.Action\Action.Infrastructure.Test\Action.Infrastructure.Test.csproj", "{FC7A7010-D482-496C-9F45-275EA5B1EE9B}"
EndProject
Project("{FAE04EC0-301F-11D3-BF4B-00C04F79EFBC}") = "Action.Test", "001_MicroServices\4_CrimeAndWin.Action\Action.Test\Action.Test.csproj", "{0742D73E-25D1-4AC7-A4FA-4683EA5C3F2C}"
EndProject
Project("{2150E333-8FDC-42A3-9474-1A3956D46DE8}") = "5_CrimeAndWin.Economy", "5_CrimeAndWin.Economy", "{545BDED5-7E0C-4820-9348-6FAE420A5435}"
EndProject
Project("{FAE04EC0-301F-11D3-BF4B-00C04F79EFBC}") = "Economy.API", "001_MicroServices\5_CrimeAndWin.Economy\Economy.API\Economy.API.csproj", "{0A39D90C-509A-4EB7-AAAA-9279E397FFD7}"
EndProject
Project("{FAE04EC0-301F-11D3-BF4B-00C04F79EFBC}") = "Economy.Application", "001_MicroServices\5_CrimeAndWin.Economy\Economy.Application\Economy.Application.csproj", "{F8C8302E-5D87-4D21-B668-C06DC1998BC2}"
EndProject
Project("{FAE04EC0-301F-11D3-BF4B-00C04F79EFBC}") = "Economy.Application.Test", "001_MicroServices\5_CrimeAndWin.Economy\Economy.Application.Test\Economy.Application.Test.csproj", "{5762C7B1-CD16-4099-A782-52EE66D3F61D}"
EndProject
Project("{FAE04EC0-301F-11D3-BF4B-00C04F79EFBC}") = "Economy.Domain", "001_MicroServices\5_CrimeAndWin.Economy\Economy.Domain\Economy.Domain.csproj", "{145CA960-106C-4B85-B8C0-B2C1F194878A}"
EndProject
Project("{FAE04EC0-301F-11D3-BF4B-00C04F79EFBC}") = "Economy.Infrastructure", "001_MicroServices\5_CrimeAndWin.Economy\Economy.Infrastructure\Economy.Infrastructure.csproj", "{F531D572-2B4D-48DC-9BA8-AD8192CFB6C9}"
EndProject
Project("{FAE04EC0-301F-11D3-BF4B-00C04F79EFBC}") = "Economy.Infrastructure.Test", "001_MicroServices\5_CrimeAndWin.Economy\Economy.Infrastructure.Test\Economy.Infrastructure.Test.csproj", "{F33E35BD-D11C-483B-B600-3FA32627B50A}"
EndProject
Project("{FAE04EC0-301F-11D3-BF4B-00C04F79EFBC}") = "Economy.Test", "001_MicroServices\5_CrimeAndWin.Economy\Economy.Test\Economy.Test.csproj", "{F61A6563-2497-4940-B344-514900C02BCC}"
EndProject
Global
	GlobalSection(SolutionConfigurationPlatforms) = preSolution
		Debug|Any CPU = Debug|Any CPU
		Release|Any CPU = Release|Any CPU
	EndGlobalSection
	GlobalSection(ProjectConfigurationPlatforms) = postSolution
		{C357D893-7911-4DD3-849B-2152038FC6A1}.Debug|Any CPU.ActiveCfg = Debug|Any CPU
		{C357D893-7911-4DD3-849B-2152038FC6A1}.Debug|Any CPU.Build.0 = Debug|Any CPU
		{C357D893-7911-4DD3-849B-2152038FC6A1}.Release|Any CPU.ActiveCfg = Release|Any CPU
		{C357D893-7911-4DD3-849B-2152038FC6A1}.Release|Any CPU.Build.0 = Release|Any CPU
		{4F9395E8-EDD0-4DCB-8C9D-FEF97E2A6FA5}.Debug|Any CPU.ActiveCfg = Debug|Any CPU
		{4F9395E8-EDD0-4DCB-8C9D-FEF97E2A6FA5}.Debug|Any CPU.Build.0 = Debug|Any CPU
		{4F9395E8-EDD0-4DCB-8C9D-FEF97E2A6FA5}.Release|Any CPU.ActiveCfg = Release|Any CPU
		{4F9395E8-EDD0-4DCB-8C9D-FEF97E2A6FA5}.Release|Any CPU.Build.0 = Release|Any CPU
		{9A11EDAF-5C7F-452C-BD26-481633F7E2CD}.Debug|Any CPU.ActiveCfg = Debug|Any CPU
		{9A11EDAF-5C7F-452C-BD26-481633F7E2CD}.Debug|Any CPU.Build.0 = Debug|Any CPU
		{9A11EDAF-5C7F-452C-BD26-481633F7E2CD}.Release|Any CPU.ActiveCfg = Release|Any CPU
		{9A11EDAF-5C7F-452C-BD26-481633F7E2CD}.Release|Any CPU.Build.0 = Release|Any CPU
		{36D7D81E-48AA-4C3F-9E61-8C0D2861E396}.Debug|Any CPU.ActiveCfg = Debug|Any CPU
		{36D7D81E-48AA-4C3F-9E61-8C0D2861E396}.Debug|Any CPU.Build.0 = Debug|Any CPU
		{36D7D81E-48AA-4C3F-9E61-8C0D2861E396}.Release|Any CPU.ActiveCfg = Release|Any CPU
		{36D7D81E-48AA-4C3F-9E61-8C0D2861E396}.Release|Any CPU.Build.0 = Release|Any CPU
		{22B862B3-CF54-4D73-88FC-3353C7FF421A}.Debug|Any CPU.ActiveCfg = Debug|Any CPU
		{22B862B3-CF54-4D73-88FC-3353C7FF421A}.Debug|Any CPU.Build.0 = Debug|Any CPU
		{22B862B3-CF54-4D73-88FC-3353C7FF421A}.Release|Any CPU.ActiveCfg = Release|Any CPU
		{22B862B3-CF54-4D73-88FC-3353C7FF421A}.Release|Any CPU.Build.0 = Release|Any CPU
		{59F3F8E7-3FE4-42B4-AE10-D832D3DC17D9}.Debug|Any CPU.ActiveCfg = Debug|Any CPU
		{59F3F8E7-3FE4-42B4-AE10-D832D3DC17D9}.Debug|Any CPU.Build.0 = Debug|Any CPU
		{59F3F8E7-3FE4-42B4-AE10-D832D3DC17D9}.Release|Any CPU.ActiveCfg = Release|Any CPU
		{59F3F8E7-3FE4-42B4-AE10-D832D3DC17D9}.Release|Any CPU.Build.0 = Release|Any CPU
		{573A72F3-C6B1-4411-823E-08EDC1F61CBD}.Debug|Any CPU.ActiveCfg = Debug|Any CPU
		{573A72F3-C6B1-4411-823E-08EDC1F61CBD}.Debug|Any CPU.Build.0 = Debug|Any CPU
		{573A72F3-C6B1-4411-823E-08EDC1F61CBD}.Release|Any CPU.ActiveCfg = Release|Any CPU
		{573A72F3-C6B1-4411-823E-08EDC1F61CBD}.Release|Any CPU.Build.0 = Release|Any CPU
		{D0C38E46-75E5-457F-A31C-0DBBF179A554}.Debug|Any CPU.ActiveCfg = Debug|Any CPU
		{D0C38E46-75E5-457F-A31C-0DBBF179A554}.Debug|Any CPU.Build.0 = Debug|Any CPU
		{D0C38E46-75E5-457F-A31C-0DBBF179A554}.Release|Any CPU.ActiveCfg = Release|Any CPU
		{D0C38E46-75E5-457F-A31C-0DBBF179A554}.Release|Any CPU.Build.0 = Release|Any CPU
		{D22191E0-6FAD-4CCF-997A-5F2D65C4B509}.Debug|Any CPU.ActiveCfg = Debug|Any CPU
		{D22191E0-6FAD-4CCF-997A-5F2D65C4B509}.Debug|Any CPU.Build.0 = Debug|Any CPU
		{D22191E0-6FAD-4CCF-997A-5F2D65C4B509}.Release|Any CPU.ActiveCfg = Release|Any CPU
		{D22191E0-6FAD-4CCF-997A-5F2D65C4B509}.Release|Any CPU.Build.0 = Release|Any CPU
		{FE08DDAA-7F81-434E-8BB9-CD1A7B3C417A}.Debug|Any CPU.ActiveCfg = Debug|Any CPU
		{FE08DDAA-7F81-434E-8BB9-CD1A7B3C417A}.Debug|Any CPU.Build.0 = Debug|Any CPU
		{FE08DDAA-7F81-434E-8BB9-CD1A7B3C417A}.Release|Any CPU.ActiveCfg = Release|Any CPU
		{FE08DDAA-7F81-434E-8BB9-CD1A7B3C417A}.Release|Any CPU.Build.0 = Release|Any CPU
		{0F042D45-72FE-4309-B65A-16CA82C44189}.Debug|Any CPU.ActiveCfg = Debug|Any CPU
		{0F042D45-72FE-4309-B65A-16CA82C44189}.Debug|Any CPU.Build.0 = Debug|Any CPU
		{0F042D45-72FE-4309-B65A-16CA82C44189}.Release|Any CPU.ActiveCfg = Release|Any CPU
		{0F042D45-72FE-4309-B65A-16CA82C44189}.Release|Any CPU.Build.0 = Release|Any CPU
		{9490FDD6-44AA-4E70-9C26-240A90BD8C1E}.Debug|Any CPU.ActiveCfg = Debug|Any CPU
		{9490FDD6-44AA-4E70-9C26-240A90BD8C1E}.Debug|Any CPU.Build.0 = Debug|Any CPU
		{9490FDD6-44AA-4E70-9C26-240A90BD8C1E}.Release|Any CPU.ActiveCfg = Release|Any CPU
		{9490FDD6-44AA-4E70-9C26-240A90BD8C1E}.Release|Any CPU.Build.0 = Release|Any CPU
		{50412D2B-6B48-4561-ACC7-819937590A34}.Debug|Any CPU.ActiveCfg = Debug|Any CPU
		{50412D2B-6B48-4561-ACC7-819937590A34}.Debug|Any CPU.Build.0 = Debug|Any CPU
		{50412D2B-6B48-4561-ACC7-819937590A34}.Release|Any CPU.ActiveCfg = Release|Any CPU
		{50412D2B-6B48-4561-ACC7-819937590A34}.Release|Any CPU.Build.0 = Release|Any CPU
		{E4EE273D-B7B2-4D8A-9A7E-02870126B217}.Debug|Any CPU.ActiveCfg = Debug|Any CPU
		{E4EE273D-B7B2-4D8A-9A7E-02870126B217}.Debug|Any CPU.Build.0 = Debug|Any CPU
		{E4EE273D-B7B2-4D8A-9A7E-02870126B217}.Release|Any CPU.ActiveCfg = Release|Any CPU
		{E4EE273D-B7B2-4D8A-9A7E-02870126B217}.Release|Any CPU.Build.0 = Release|Any CPU
		{F51219A5-1F25-462D-A76E-B650DC2FDAAD}.Debug|Any CPU.ActiveCfg = Debug|Any CPU
		{F51219A5-1F25-462D-A76E-B650DC2FDAAD}.Debug|Any CPU.Build.0 = Debug|Any CPU
		{F51219A5-1F25-462D-A76E-B650DC2FDAAD}.Release|Any CPU.ActiveCfg = Release|Any CPU
		{F51219A5-1F25-462D-A76E-B650DC2FDAAD}.Release|Any CPU.Build.0 = Release|Any CPU
		{4C8E6D7B-AEF0-4C54-9CBE-1CBBA7963BDC}.Debug|Any CPU.ActiveCfg = Debug|Any CPU
		{4C8E6D7B-AEF0-4C54-9CBE-1CBBA7963BDC}.Debug|Any CPU.Build.0 = Debug|Any CPU
		{4C8E6D7B-AEF0-4C54-9CBE-1CBBA7963BDC}.Release|Any CPU.ActiveCfg = Release|Any CPU
		{4C8E6D7B-AEF0-4C54-9CBE-1CBBA7963BDC}.Release|Any CPU.Build.0 = Release|Any CPU
		{56813776-E3E1-4F34-B88F-52B9DD872580}.Debug|Any CPU.ActiveCfg = Debug|Any CPU
		{56813776-E3E1-4F34-B88F-52B9DD872580}.Debug|Any CPU.Build.0 = Debug|Any CPU
		{56813776-E3E1-4F34-B88F-52B9DD872580}.Release|Any CPU.ActiveCfg = Release|Any CPU
		{56813776-E3E1-4F34-B88F-52B9DD872580}.Release|Any CPU.Build.0 = Release|Any CPU
		{305058E2-3F30-4B47-ACC9-0065E19672FB}.Debug|Any CPU.ActiveCfg = Debug|Any CPU
		{305058E2-3F30-4B47-ACC9-0065E19672FB}.Debug|Any CPU.Build.0 = Debug|Any CPU
		{305058E2-3F30-4B47-ACC9-0065E19672FB}.Release|Any CPU.ActiveCfg = Release|Any CPU
		{305058E2-3F30-4B47-ACC9-0065E19672FB}.Release|Any CPU.Build.0 = Release|Any CPU
		{70157492-01A6-4539-9347-B9670D6DD965}.Debug|Any CPU.ActiveCfg = Debug|Any CPU
		{70157492-01A6-4539-9347-B9670D6DD965}.Debug|Any CPU.Build.0 = Debug|Any CPU
		{70157492-01A6-4539-9347-B9670D6DD965}.Release|Any CPU.ActiveCfg = Release|Any CPU
		{70157492-01A6-4539-9347-B9670D6DD965}.Release|Any CPU.Build.0 = Release|Any CPU
		{0C3695A5-065C-4D69-BB31-762B1487526C}.Debug|Any CPU.ActiveCfg = Debug|Any CPU
		{0C3695A5-065C-4D69-BB31-762B1487526C}.Debug|Any CPU.Build.0 = Debug|Any CPU
		{0C3695A5-065C-4D69-BB31-762B1487526C}.Release|Any CPU.ActiveCfg = Release|Any CPU
		{0C3695A5-065C-4D69-BB31-762B1487526C}.Release|Any CPU.Build.0 = Release|Any CPU
		{88B4C618-A004-4228-926E-0E323FB274C2}.Debug|Any CPU.ActiveCfg = Debug|Any CPU
		{88B4C618-A004-4228-926E-0E323FB274C2}.Debug|Any CPU.Build.0 = Debug|Any CPU
		{88B4C618-A004-4228-926E-0E323FB274C2}.Release|Any CPU.ActiveCfg = Release|Any CPU
		{88B4C618-A004-4228-926E-0E323FB274C2}.Release|Any CPU.Build.0 = Release|Any CPU
		{D23F6743-1EE8-4035-B16B-82081F4A051C}.Debug|Any CPU.ActiveCfg = Debug|Any CPU
		{D23F6743-1EE8-4035-B16B-82081F4A051C}.Debug|Any CPU.Build.0 = Debug|Any CPU
		{D23F6743-1EE8-4035-B16B-82081F4A051C}.Release|Any CPU.ActiveCfg = Release|Any CPU
		{D23F6743-1EE8-4035-B16B-82081F4A051C}.Release|Any CPU.Build.0 = Release|Any CPU
		{9E951007-805F-4576-AB7B-977047BD162B}.Debug|Any CPU.ActiveCfg = Debug|Any CPU
		{9E951007-805F-4576-AB7B-977047BD162B}.Debug|Any CPU.Build.0 = Debug|Any CPU
		{9E951007-805F-4576-AB7B-977047BD162B}.Release|Any CPU.ActiveCfg = Release|Any CPU
		{9E951007-805F-4576-AB7B-977047BD162B}.Release|Any CPU.Build.0 = Release|Any CPU
		{98160F75-5C23-4569-A5CF-129DCF73D9CB}.Debug|Any CPU.ActiveCfg = Debug|Any CPU
		{98160F75-5C23-4569-A5CF-129DCF73D9CB}.Debug|Any CPU.Build.0 = Debug|Any CPU
		{98160F75-5C23-4569-A5CF-129DCF73D9CB}.Release|Any CPU.ActiveCfg = Release|Any CPU
		{98160F75-5C23-4569-A5CF-129DCF73D9CB}.Release|Any CPU.Build.0 = Release|Any CPU
		{DF4ACE57-8144-4519-B421-5BC268890229}.Debug|Any CPU.ActiveCfg = Debug|Any CPU
		{DF4ACE57-8144-4519-B421-5BC268890229}.Debug|Any CPU.Build.0 = Debug|Any CPU
		{DF4ACE57-8144-4519-B421-5BC268890229}.Release|Any CPU.ActiveCfg = Release|Any CPU
		{DF4ACE57-8144-4519-B421-5BC268890229}.Release|Any CPU.Build.0 = Release|Any CPU
		{6CA0344D-D2CD-410C-AAC7-336E27DD9457}.Debug|Any CPU.ActiveCfg = Debug|Any CPU
		{6CA0344D-D2CD-410C-AAC7-336E27DD9457}.Debug|Any CPU.Build.0 = Debug|Any CPU
		{6CA0344D-D2CD-410C-AAC7-336E27DD9457}.Release|Any CPU.ActiveCfg = Release|Any CPU
		{6CA0344D-D2CD-410C-AAC7-336E27DD9457}.Release|Any CPU.Build.0 = Release|Any CPU
		{7933C94B-DEDC-4943-A5A4-1FB8BBF0D71F}.Debug|Any CPU.ActiveCfg = Debug|Any CPU
		{7933C94B-DEDC-4943-A5A4-1FB8BBF0D71F}.Debug|Any CPU.Build.0 = Debug|Any CPU
		{7933C94B-DEDC-4943-A5A4-1FB8BBF0D71F}.Release|Any CPU.ActiveCfg = Release|Any CPU
		{7933C94B-DEDC-4943-A5A4-1FB8BBF0D71F}.Release|Any CPU.Build.0 = Release|Any CPU
		{1DC3934C-1226-46E2-B43A-89A57C33EC6B}.Debug|Any CPU.ActiveCfg = Debug|Any CPU
		{1DC3934C-1226-46E2-B43A-89A57C33EC6B}.Debug|Any CPU.Build.0 = Debug|Any CPU
		{1DC3934C-1226-46E2-B43A-89A57C33EC6B}.Release|Any CPU.ActiveCfg = Release|Any CPU
		{1DC3934C-1226-46E2-B43A-89A57C33EC6B}.Release|Any CPU.Build.0 = Release|Any CPU
		{FC7A7010-D482-496C-9F45-275EA5B1EE9B}.Debug|Any CPU.ActiveCfg = Debug|Any CPU
		{FC7A7010-D482-496C-9F45-275EA5B1EE9B}.Debug|Any CPU.Build.0 = Debug|Any CPU
		{FC7A7010-D482-496C-9F45-275EA5B1EE9B}.Release|Any CPU.ActiveCfg = Release|Any CPU
		{FC7A7010-D482-496C-9F45-275EA5B1EE9B}.Release|Any CPU.Build.0 = Release|Any CPU
		{0742D73E-25D1-4AC7-A4FA-4683EA5C3F2C}.Debug|Any CPU.ActiveCfg = Debug|Any CPU
		{0742D73E-25D1-4AC7-A4FA-4683EA5C3F2C}.Debug|Any CPU.Build.0 = Debug|Any CPU
		{0742D73E-25D1-4AC7-A4FA-4683EA5C3F2C}.Release|Any CPU.ActiveCfg = Release|Any CPU
		{0742D73E-25D1-4AC7-A4FA-4683EA5C3F2C}.Release|Any CPU.Build.0 = Release|Any CPU
		{0A39D90C-509A-4EB7-AAAA-9279E397FFD7}.Debug|Any CPU.ActiveCfg = Debug|Any CPU
		{0A39D90C-509A-4EB7-AAAA-9279E397FFD7}.Debug|Any CPU.Build.0 = Debug|Any CPU
		{0A39D90C-509A-4EB7-AAAA-9279E397FFD7}.Release|Any CPU.ActiveCfg = Release|Any CPU
		{0A39D90C-509A-4EB7-AAAA-9279E397FFD7}.Release|Any CPU.Build.0 = Release|Any CPU
		{F8C8302E-5D87-4D21-B668-C06DC1998BC2}.Debug|Any CPU.ActiveCfg = Debug|Any CPU
		{F8C8302E-5D87-4D21-B668-C06DC1998BC2}.Debug|Any CPU.Build.0 = Debug|Any CPU
		{F8C8302E-5D87-4D21-B668-C06DC1998BC2}.Release|Any CPU.ActiveCfg = Release|Any CPU
		{F8C8302E-5D87-4D21-B668-C06DC1998BC2}.Release|Any CPU.Build.0 = Release|Any CPU
		{5762C7B1-CD16-4099-A782-52EE66D3F61D}.Debug|Any CPU.ActiveCfg = Debug|Any CPU
		{5762C7B1-CD16-4099-A782-52EE66D3F61D}.Debug|Any CPU.Build.0 = Debug|Any CPU
		{5762C7B1-CD16-4099-A782-52EE66D3F61D}.Release|Any CPU.ActiveCfg = Release|Any CPU
		{5762C7B1-CD16-4099-A782-52EE66D3F61D}.Release|Any CPU.Build.0 = Release|Any CPU
		{145CA960-106C-4B85-B8C0-B2C1F194878A}.Debug|Any CPU.ActiveCfg = Debug|Any CPU
		{145CA960-106C-4B85-B8C0-B2C1F194878A}.Debug|Any CPU.Build.0 = Debug|Any CPU
		{145CA960-106C-4B85-B8C0-B2C1F194878A}.Release|Any CPU.ActiveCfg = Release|Any CPU
		{145CA960-106C-4B85-B8C0-B2C1F194878A}.Release|Any CPU.Build.0 = Release|Any CPU
		{F531D572-2B4D-48DC-9BA8-AD8192CFB6C9}.Debug|Any CPU.ActiveCfg = Debug|Any CPU
		{F531D572-2B4D-48DC-9BA8-AD8192CFB6C9}.Debug|Any CPU.Build.0 = Debug|Any CPU
		{F531D572-2B4D-48DC-9BA8-AD8192CFB6C9}.Release|Any CPU.ActiveCfg = Release|Any CPU
		{F531D572-2B4D-48DC-9BA8-AD8192CFB6C9}.Release|Any CPU.Build.0 = Release|Any CPU
		{F33E35BD-D11C-483B-B600-3FA32627B50A}.Debug|Any CPU.ActiveCfg = Debug|Any CPU
		{F33E35BD-D11C-483B-B600-3FA32627B50A}.Debug|Any CPU.Build.0 = Debug|Any CPU
		{F33E35BD-D11C-483B-B600-3FA32627B50A}.Release|Any CPU.ActiveCfg = Release|Any CPU
		{F33E35BD-D11C-483B-B600-3FA32627B50A}.Release|Any CPU.Build.0 = Release|Any CPU
		{F61A6563-2497-4940-B344-514900C02BCC}.Debug|Any CPU.ActiveCfg = Debug|Any CPU
		{F61A6563-2497-4940-B344-514900C02BCC}.Debug|Any CPU.Build.0 = Debug|Any CPU
		{F61A6563-2497-4940-B344-514900C02BCC}.Release|Any CPU.ActiveCfg = Release|Any CPU
		{F61A6563-2497-4940-B344-514900C02BCC}.Release|Any CPU.Build.0 = Release|Any CPU
	EndGlobalSection
	GlobalSection(SolutionProperties) = preSolution
		HideSolutionNode = FALSE
	EndGlobalSection
	GlobalSection(NestedProjects) = preSolution
		{C44F760A-9E40-4844-91AF-B23EE91A56D0} = {02EA681E-C7D8-13C7-8484-4AC65E1B71E8}
		{6A1C0084-007E-4AAF-928E-CADFCEADB391} = {02EA681E-C7D8-13C7-8484-4AC65E1B71E8}
		{C357D893-7911-4DD3-849B-2152038FC6A1} = {C44F760A-9E40-4844-91AF-B23EE91A56D0}
		{4F9395E8-EDD0-4DCB-8C9D-FEF97E2A6FA5} = {6A1C0084-007E-4AAF-928E-CADFCEADB391}
		{1F4C456F-6AF5-48ED-A15A-2F49FE04FB1C} = {C06F5D8A-09D4-4BC8-923A-9F1EFAF2C8A9}
		{9A11EDAF-5C7F-452C-BD26-481633F7E2CD} = {1F4C456F-6AF5-48ED-A15A-2F49FE04FB1C}
		{36D7D81E-48AA-4C3F-9E61-8C0D2861E396} = {1F4C456F-6AF5-48ED-A15A-2F49FE04FB1C}
		{22B862B3-CF54-4D73-88FC-3353C7FF421A} = {1F4C456F-6AF5-48ED-A15A-2F49FE04FB1C}
		{59F3F8E7-3FE4-42B4-AE10-D832D3DC17D9} = {1F4C456F-6AF5-48ED-A15A-2F49FE04FB1C}
		{573A72F3-C6B1-4411-823E-08EDC1F61CBD} = {1F4C456F-6AF5-48ED-A15A-2F49FE04FB1C}
		{066D7279-963D-48C0-9ADB-394CC3DCDA67} = {C06F5D8A-09D4-4BC8-923A-9F1EFAF2C8A9}
		{D0C38E46-75E5-457F-A31C-0DBBF179A554} = {1F4C456F-6AF5-48ED-A15A-2F49FE04FB1C}
		{D22191E0-6FAD-4CCF-997A-5F2D65C4B509} = {1F4C456F-6AF5-48ED-A15A-2F49FE04FB1C}
		{FE08DDAA-7F81-434E-8BB9-CD1A7B3C417A} = {066D7279-963D-48C0-9ADB-394CC3DCDA67}
		{0F042D45-72FE-4309-B65A-16CA82C44189} = {066D7279-963D-48C0-9ADB-394CC3DCDA67}
		{9490FDD6-44AA-4E70-9C26-240A90BD8C1E} = {066D7279-963D-48C0-9ADB-394CC3DCDA67}
		{50412D2B-6B48-4561-ACC7-819937590A34} = {066D7279-963D-48C0-9ADB-394CC3DCDA67}
		{E4EE273D-B7B2-4D8A-9A7E-02870126B217} = {066D7279-963D-48C0-9ADB-394CC3DCDA67}
		{F51219A5-1F25-462D-A76E-B650DC2FDAAD} = {066D7279-963D-48C0-9ADB-394CC3DCDA67}
		{4C8E6D7B-AEF0-4C54-9CBE-1CBBA7963BDC} = {066D7279-963D-48C0-9ADB-394CC3DCDA67}
		{A277204E-3347-469A-B1A8-8D9B7375A054} = {C06F5D8A-09D4-4BC8-923A-9F1EFAF2C8A9}
		{56813776-E3E1-4F34-B88F-52B9DD872580} = {A277204E-3347-469A-B1A8-8D9B7375A054}
		{305058E2-3F30-4B47-ACC9-0065E19672FB} = {A277204E-3347-469A-B1A8-8D9B7375A054}
		{70157492-01A6-4539-9347-B9670D6DD965} = {A277204E-3347-469A-B1A8-8D9B7375A054}
		{0C3695A5-065C-4D69-BB31-762B1487526C} = {A277204E-3347-469A-B1A8-8D9B7375A054}
		{88B4C618-A004-4228-926E-0E323FB274C2} = {A277204E-3347-469A-B1A8-8D9B7375A054}
		{D23F6743-1EE8-4035-B16B-82081F4A051C} = {A277204E-3347-469A-B1A8-8D9B7375A054}
		{9E951007-805F-4576-AB7B-977047BD162B} = {A277204E-3347-469A-B1A8-8D9B7375A054}
		{F2A8E854-6EDC-4314-A72E-072B92CA7A36} = {C06F5D8A-09D4-4BC8-923A-9F1EFAF2C8A9}
		{98160F75-5C23-4569-A5CF-129DCF73D9CB} = {F2A8E854-6EDC-4314-A72E-072B92CA7A36}
		{DF4ACE57-8144-4519-B421-5BC268890229} = {F2A8E854-6EDC-4314-A72E-072B92CA7A36}
		{6CA0344D-D2CD-410C-AAC7-336E27DD9457} = {F2A8E854-6EDC-4314-A72E-072B92CA7A36}
		{7933C94B-DEDC-4943-A5A4-1FB8BBF0D71F} = {F2A8E854-6EDC-4314-A72E-072B92CA7A36}
		{1DC3934C-1226-46E2-B43A-89A57C33EC6B} = {F2A8E854-6EDC-4314-A72E-072B92CA7A36}
		{FC7A7010-D482-496C-9F45-275EA5B1EE9B} = {F2A8E854-6EDC-4314-A72E-072B92CA7A36}
		{0742D73E-25D1-4AC7-A4FA-4683EA5C3F2C} = {F2A8E854-6EDC-4314-A72E-072B92CA7A36}
		{545BDED5-7E0C-4820-9348-6FAE420A5435} = {C06F5D8A-09D4-4BC8-923A-9F1EFAF2C8A9}
		{0A39D90C-509A-4EB7-AAAA-9279E397FFD7} = {545BDED5-7E0C-4820-9348-6FAE420A5435}
		{F8C8302E-5D87-4D21-B668-C06DC1998BC2} = {545BDED5-7E0C-4820-9348-6FAE420A5435}
		{5762C7B1-CD16-4099-A782-52EE66D3F61D} = {545BDED5-7E0C-4820-9348-6FAE420A5435}
		{145CA960-106C-4B85-B8C0-B2C1F194878A} = {545BDED5-7E0C-4820-9348-6FAE420A5435}
		{F531D572-2B4D-48DC-9BA8-AD8192CFB6C9} = {545BDED5-7E0C-4820-9348-6FAE420A5435}
		{F33E35BD-D11C-483B-B600-3FA32627B50A} = {545BDED5-7E0C-4820-9348-6FAE420A5435}
		{F61A6563-2497-4940-B344-514900C02BCC} = {545BDED5-7E0C-4820-9348-6FAE420A5435}
	EndGlobalSection
	GlobalSection(ExtensibilityGlobals) = postSolution
		SolutionGuid = {CC9CBC73-0BEA-4F1C-8608-3FAC8A59BCB8}
	EndGlobalSection
EndGlobal
